
Microsoft Visual Studio Solution File, Format Version 12.00
# Visual Studio Version 16
VisualStudioVersion = 16.0.29306.81
MinimumVisualStudioVersion = 10.0.40219.1
Project("{FAE04EC0-301F-11D3-BF4B-00C04F79EFBC}") = "Open-Lab-2.3", "Open-Lab-2.3\Open-Lab-2.3.csproj", "{9716325E-D6FD-4A9D-B28A-C4544B8BD845}"
EndProject
Global
	GlobalSection(SolutionConfigurationPlatforms) = preSolution
		Debug|Any CPU = Debug|Any CPU
		Release|Any CPU = Release|Any CPU
	EndGlobalSection
	GlobalSection(ProjectConfigurationPlatforms) = postSolution
		{9716325E-D6FD-4A9D-B28A-C4544B8BD845}.Debug|Any CPU.ActiveCfg = Debug|Any CPU
		{9716325E-D6FD-4A9D-B28A-C4544B8BD845}.Debug|Any CPU.Build.0 = Debug|Any CPU
		{9716325E-D6FD-4A9D-B28A-C4544B8BD845}.Release|Any CPU.ActiveCfg = Release|Any CPU
		{9716325E-D6FD-4A9D-B28A-C4544B8BD845}.Release|Any CPU.Build.0 = Release|Any CPU
	EndGlobalSection
	GlobalSection(SolutionProperties) = preSolution
		HideSolutionNode = FALSE
	EndGlobalSection
	GlobalSection(ExtensibilityGlobals) = postSolution
		SolutionGuid = {2E6F7573-0CA3-4577-A79B-83830171778B}
	EndGlobalSection
EndGlobal
